PODS:
  - GoogleMaps (3.6.0):
    - GoogleMaps/Maps (= 3.6.0)
  - GoogleMaps/Base (3.6.0)
  - GoogleMaps/Maps (3.6.0):
    - GoogleMaps/Base
  - SnapKit (5.0.1)

DEPENDENCIES:
  - GoogleMaps
  - SnapKit

SPEC REPOS:
  trunk:
    - GoogleMaps
    - SnapKit

SPEC CHECKSUMS:
  GoogleMaps: 82f8fe307193bb4de6ef6bf9e88f1d624b718f9d
  SnapKit: 97b92857e3df3a0c71833cce143274bf6ef8e5eb

PODFILE CHECKSUM: 09db535616057a477d72f593e066ff0865c64558

COCOAPODS: 1.8.4
